version = 1
revision = 3
requires-python = ">=3.12"

[[package]]
name = "anyio"
version = "4.13.0"
source = { registry = "https://pypi.org/simple" }
dependencies = [
    { name = "idna" },
    { name = "typing-extensions", marker = "python_full_version < '3.13'" },
]
sdist = { url = "https://files.pythonhosted.org/packages/19/14/2c5dd9f512b66549ae92767a9c7b330ae88e1932ca57876909410251fe13/anyio-4.13.0.tar.gz", hash = "sha256:334b70e641fd2221c1505b3890c69882fe4a2df910cba14d97019b90b24439dc", size = 231622, upload-time = "2026-03-24T12:59:09.671Z" }
wheels = [
    { url = "https://files.pythonhosted.org/packages/da/42/e921fccf5015463e32a3cf6ee7f980a6ed0f395ceeaa45060b61d86486c2/anyio-4.13.0-py3-none-any.whl", hash = "sha256:08b310f9e24a9594186fd75b4f73f4a4152069e3853f1ed8bfbf58369f4ad708", size = 114353, upload-time = "2026-03-24T12:59:08.246Z" },
]

[[package]]
name = "certifi"
version = "2026.4.22"
source = { registry = "https://pypi.org/simple" }
sdist = { url = "https://files.pythonhosted.org/packages/25/ee/6caf7a40c36a1220410afe15a1cc64993a1f864871f698c0f93acb72842a/certifi-2026.4.22.tar.gz", hash = "sha256:8d455352a37b71bf76a79caa83a3d6c25afee4a385d632127b6afb3963f1c580", size = 137077, upload-time = "2026-04-22T11:26:11.191Z" }
wheels = [
    { url = "https://files.pythonhosted.org/packages/22/30/7cd8fdcdfbc5b869528b079bfb76dcdf6056b1a2097a662e5e8c04f42965/certifi-2026.4.22-py3-none-any.whl", hash = "sha256:3cb2210c8f88ba2318d29b0388d1023c8492ff72ecdde4ebdaddbb13a31b1c4a", size = 135707, upload-time = "2026-04-22T11:26:09.372Z" },
]

[[package]]
name = "falcon"
version = "4.2.0"
source = { registry = "https://pypi.org/simple" }
sdist = { url = "https://files.pythonhosted.org/packages/ba/15/5a4d8d62e8b338d2ec4430965b51b592695e859d0c6bf104afa1ce927eed/falcon-4.2.0.tar.gz", hash = "sha256:c13e86e49696d6655411fe09473c34997e49ff45e8cdf7576297b0ca71ceac3d", size = 665894, upload-time = "2025-11-10T19:35:46.334Z" }
wheels = [
    { url = "https://files.pythonhosted.org/packages/30/b5/e1c1a66e2347ea4ebcec4211ed8717faf31f6d6f2d61236427f4e447faf1/falcon-4.2.0-cp312-cp312-macosx_11_0_arm64.whl", hash = "sha256:05832f66d54e178ae1df1dffe25c80a076448dc261cf6c50b271051b6cf56f0e", size = 417851, upload-time = "2025-11-10T19:44:23.783Z" },
    { url = "https://files.pythonhosted.org/packages/3b/99/e09f0b10ab34223c56493002f0d93e51bfed110fabf58bccab097124b6b9/falcon-4.2.0-cp312-cp312-manylinux2014_aarch64.manylinux_2_17_aarch64.manylinux_2_28_aarch64.whl", hash = "sha256:2f7d454888ed6238f6d00406bfedf976b05157e001fc6a18a473ec1e2be35e6c", size = 880361, upload-time = "2025-11-10T19:44:25.597Z" },
    { url = "https://files.pythonhosted.org/packages/e3/f5/685b0521043041982f86cbf25763dc644b4ac7f8cbd5db451a22f9f5b134/falcon-4.2.0-cp312-cp312-manylinux2014_s390x.manylinux_2_17_s390x.manylinux_2_28_s390x.whl", hash = "sha256:353c69fe78b23dfa4fbe0ae78aa7d1ec2fe1c9db3c46b5a3e20d8f731b483b65", size = 921696, upload-time = "2025-11-10T19:44:27.232Z" },
    { url = "https://files.pythonhosted.org/packages/72/fd/e34d2b9dc0a203d1322159ea1c30842d86e78b4be8bd3e55bebb00e10777/falcon-4.2.0-cp312-cp312-manylinux2014_x86_64.manylinux_2_17_x86_64.manylinux_2_28_x86_64.whl", hash = "sha256:66db3bd0e51723b299e31746a6c28c063ee0048988d9ef2f1d05245fd97bebf8", size = 888376, upload-time = "2025-11-10T19:44:29.015Z" },
    { url = "https://files.pythonhosted.org/packages/c7/25/985d4aca30edc48f38d5074de7a97ed192aa688a573579fc246f1056e624/falcon-4.2.0-cp312-cp312-musllinux_1_2_aarch64.whl", hash = "sha256:5d89a61285b49fb503c30cb11203694aba6d3e0f2e7cc5cad3676ce221d3a514", size = 867429, upload-time = "2025-11-10T19:44:31.383Z" },
    { url = "https://files.pythonhosted.org/packages/36/a1/1c2dd65b0a4ac2143051e2cb847096832f387f6f6bdd235577e37e45b323/falcon-4.2.0-cp312-cp312-musllinux_1_2_x86_64.whl", hash = "sha256:02d3b1fb18393ed55315e04533eefd3f86d85d294212bf49895c5768007e58c9", size = 884596, upload-time = "2025-11-10T19:44:33.267Z" },
    { url = "https://files.pythonhosted.org/packages/48/7c/1458dcb1cfef59e5176740b8330b477163dc8eaeb733070614a280ae8692/falcon-4.2.0-cp312-cp312-win_amd64.whl", hash = "sha256:d3c9882f8bf98bd2bf0ab2a9378c108dfba33a41625cfe2f8106e060258b52ef", size = 412748, upload-time = "2025-11-10T19:44:34.969Z" },
    { url = "https://files.pythonhosted.org/packages/c0/4e/297ea3daeca5421e9a3ab10f18de6b8abcd226e8e10963a793de30826868/falcon-4.2.0-cp313-cp313-macosx_11_0_arm64.whl", hash = "sha256:00363f9d9273a1281ca7aa1d9dbecea09c172e7bb08e0acefa0a0234a3f94593", size = 417146, upload-time = "2025-11-10T19:44:36.5Z" },
    { url = "https://files.pythonhosted.org/packages/a4/5b/2614b6b77708a4322bbf8f17ae4218cf05ebcb536e77376744d52da7bc6c/falcon-4.2.0-cp313-cp313-manylinux2014_aarch64.manylinux_2_17_aarch64.manylinux_2_28_aarch64.whl", hash = "sha256:cd2059695f107e867fd12141d05771d5c6cbecc30a135f7d91ef06bfea94f05e", size = 861029, upload-time = "2025-11-10T19:44:38.214Z" },
    { url = "https://files.pythonhosted.org/packages/02/8e/77f9a539f119874e3d17cfeb2317b1053ab20dc8a0a83d31519bff8eeb84/falcon-4.2.0-cp313-cp313-manylinux2014_s390x.manylinux_2_17_s390x.manylinux_2_28_s390x.whl", hash = "sha256:e0b1f69a97b3406feba07f41dde177b4c3dfa7046f6b977d4554772dc26252e7", size = 899879, upload-time = "2025-11-10T19:44:40.006Z" },
    { url = "https://files.pythonhosted.org/packages/10/07/2a2b28e7170cedd085398a1024344aafb64645edd4d527f9c4055acde524/falcon-4.2.0-cp313-cp313-manylinux2014_x86_64.manylinux_2_17_x86_64.manylinux_2_28_x86_64.whl", hash = "sha256:4a54fa6c5f8a428a2e9b7ff7b936c566fe7bdcc50f965cea37fee9523eab1b74", size = 870266, upload-time = "2025-11-10T19:44:41.97Z" },
    { url = "https://files.pythonhosted.org/packages/b3/15/7251ec24c8adef5d53cbde701eb057ec63c1697fe8deb1bda4c2f39dc4d9/falcon-4.2.0-cp313-cp313-musllinux_1_2_aarch64.whl", hash = "sha256:801e2c77c72b1777d09be7a72163b38209f5f9e42930bfe3dfdf027e7d84d035", size = 850215, upload-time = "2025-11-10T19:44:43.633Z" },
    { url = "https://files.pythonhosted.org/packages/41/10/46a8dc6bbdb6eaca3ebac6afedc54084455cb928358b322ccbd815009f3a/falcon-4.2.0-cp313-cp313-musllinux_1_2_x86_64.whl", hash = "sha256:f998402bf889cdd23cde29e7421469cdf2ef95afc71b2cdef7ed4957d0cd97f6", size = 866901, upload-time = "2025-11-10T19:44:45.576Z" },
    { url = "https://files.pythonhosted.org/packages/1b/00/52149f315d7cc2c2ca1964906b35eb13eacc3d08192103b5829882902e77/falcon-4.2.0-cp313-cp313-win_amd64.whl", hash = "sha256:584d000e9ffae5044f5fe6bf74d399edebb54926bb4a133d3caf03e529b8c616", size = 411913, upload-time = "2025-11-10T19:44:47.28Z" },
    { url = "https://files.pythonhosted.org/packages/fc/3d/768211a8fe05f3a5ebfa78b481e860acbd68fc813692384bf92134046564/falcon-4.2.0-cp314-cp314-macosx_11_0_arm64.whl", hash = "sha256:ae9304c60b5fe84ffb35e91e1a1f071543a303edb252999800531ea01133c0d4", size = 418228, upload-time = "2025-11-10T19:44:48.905Z" },
    { url = "https://files.pythonhosted.org/packages/2d/66/ff03c5f75c0106d68744585d099f6de4cd279338fb7f6cb2173b7ea77c07/falcon-4.2.0-cp314-cp314-manylinux2014_aarch64.manylinux_2_17_aarch64.manylinux_2_28_aarch64.whl", hash = "sha256:16533a0ade619cc8e7f670330d4c12fa0bff74de88bfb29f3d3cf1b2023d31b8", size = 862543, upload-time = "2025-11-10T19:44:50.823Z" },
    { url = "https://files.pythonhosted.org/packages/8c/7a/5472153506db663531e50a4c47325eb9c837d6f0dbfccaa5fe54cc4dad8f/falcon-4.2.0-cp314-cp314-manylinux2014_s390x.manylinux_2_17_s390x.manylinux_2_28_s390x.whl", hash = "sha256:1f3ddffc958d4e625281a321164c77ebbf537c0f2f5290b06ee1144b90386a5f", size = 896541, upload-time = "2025-11-10T19:44:52.265Z" },
    { url = "https://files.pythonhosted.org/packages/4f/9b/11c0abc444795087c8d60e070383531ce7d35b4acca59adf37a468f956f6/falcon-4.2.0-cp314-cp314-manylinux2014_x86_64.manylinux_2_17_x86_64.manylinux_2_28_x86_64.whl", hash = "sha256:d0c501f8206b9bf361826bfe8f108c7368afcae64df3ed38589b9becefdfad63", size = 865903, upload-time = "2025-11-10T19:44:54.075Z" },
    { url = "https://files.pythonhosted.org/packages/1f/cd/98edd3a09aede9b22add51b803e386b9a5199bc13b6b8532fdae6c71ed91/falcon-4.2.0-cp314-cp314-musllinux_1_2_aarch64.whl", hash = "sha256:402f38101b434415ecff72e5aa440c4f71ab45a879f455ab7d5655050e8ed218", size = 851981, upload-time = "2025-11-10T19:44:55.826Z" },
    { url = "https://files.pythonhosted.org/packages/35/b5/4d0d70efd0f8fec641e7f500fdaab093b92062d103a4ca8979a17f81f6ce/falcon-4.2.0-cp314-cp314-musllinux_1_2_x86_64.whl", hash = "sha256:2ca9194a3e8a9eace3bc0efaef50b4244beabd75cdd716611e244646efc6828a", size = 864967, upload-time = "2025-11-10T19:44:57.671Z" },
    { url = "https://files.pythonhosted.org/packages/b6/9c/1dc2f1cae75163c4cd1b89a7fe95971ed139d41a4c0c8c80a98319ab8673/falcon-4.2.0-cp314-cp314-win_amd64.whl", hash = "sha256:e0bd6384952b9e12d3ae84675df4862bdbaa1111cd52db17d70cdf60f8abe4b6", size = 414564, upload-time = "2025-11-10T19:44:59.49Z" },
    { url = "https://files.pythonhosted.org/packages/83/2c/598bcac53375ad12e8691efdac9fa98df6118dba5810c20904aa9677ae63/falcon-4.2.0-cp314-cp314t-manylinux2014_aarch64.manylinux_2_17_aarch64.manylinux_2_28_aarch64.whl", hash = "sha256:de67c7ed58a124f9f04337d254ec9db0e9fa0772d25f1c8f260c1c47878dc556", size = 979145, upload-time = "2025-11-10T19:45:00.961Z" },
    { url = "https://files.pythonhosted.org/packages/2f/29/4dfe7abea2a4c684ce8c1fd715e03eb4053f23af20a697cc9f078432bf8a/falcon-4.2.0-cp314-cp314t-manylinux2014_x86_64.manylinux_2_17_x86_64.manylinux_2_28_x86_64.whl", hash = "sha256:bd8c19241aa66ecf494cd16d1cdc71de2cfbb3f76cafb7176e92708786001340", size = 966332, upload-time = "2025-11-10T19:45:02.813Z" },
    { url = "https://files.pythonhosted.org/packages/f2/7a/d8c713978a5f1b99a2431d06823dd84157c2824dcbf0f7f92157477c8e83/falcon-4.2.0-cp314-cp314t-musllinux_1_2_aarch64.whl", hash = "sha256:aef6cd21a6e1b51c79038ff2e0b30746a68c7710307e5f5f0839338d7129577c", size = 951844, upload-time = "2025-11-10T19:45:05.999Z" },
    { url = "https://files.pythonhosted.org/packages/22/63/7593a5212c62e9cda7b62b214f7fc73826ceaa5bb983e5536c7cdebf7ac5/falcon-4.2.0-cp314-cp314t-musllinux_1_2_x86_64.whl", hash = "sha256:6c132bb94351bddde993aad5147f9f3d9a942e2d93aece9d693723fb96fc8f51", size = 957947, upload-time = "2025-11-10T19:45:07.653Z" },
    { url = "https://files.pythonhosted.org/packages/59/27/502e9778d40f5f8ff2979c40a019733bfc9aacf249a89633666708407899/falcon-4.2.0-py3-none-any.whl", hash = "sha256:1d64afeca0dc03e7bed0202681dab4844544d8f6855c23e13f11a6eb10ac50ff", size = 324638, upload-time = "2025-11-10T19:35:43.812Z" },
]

[[package]]
name = "falcon-testclient"
version = "0.1.0"
source = { virtual = "." }
dependencies = [
    { name = "falcon" },
    { name = "httpx" },
]

[package.metadata]
requires-dist = [
    { name = "falcon", specifier = ">=4.0" },
    { name = "httpx", specifier = ">=0.28" },
]

[[package]]
name = "h11"
version = "0.16.0"
source = { registry = "https://pypi.org/simple" }
sdist = { url = "https://files.pythonhosted.org/packages/01/ee/02a2c011bdab74c6fb3c75474d40b3052059d95df7e73351460c8588d963/h11-0.16.0.tar.gz", hash = "sha256:4e35b956cf45792e4caa5885e69fba00bdbc6ffafbfa020300e549b208ee5ff1", size = 101250, upload-time = "2025-04-24T03:35:25.427Z" }
wheels = [
    { url = "https://files.pythonhosted.org/packages/04/4b/29cac41a4d98d144bf5f6d33995617b185d14b22401f75ca86f384e87ff1/h11-0.16.0-py3-none-any.whl", hash = "sha256:63cf8bbe7522de3bf65932fda1d9c2772064ffb3dae62d55932da54b31cb6c86", size = 37515, upload-time = "2025-04-24T03:35:24.344Z" },
]

[[package]]
name = "httpcore"
version = "1.0.9"
source = { registry = "https://pypi.org/simple" }
dependencies = [
    { name = "certifi" },
    { name = "h11" },
]
sdist = { url = "https://files.pythonhosted.org/packages/06/94/82699a10bca87a5556c9c59b5963f2d039dbd239f25bc2a63907a05a14cb/httpcore-1.0.9.tar.gz", hash = "sha256:6e34463af53fd2ab5d807f399a9b45ea31c3dfa2276f15a2c3f00afff6e176e8", size = 85484, upload-time = "2025-04-24T22:06:22.219Z" }
wheels = [
    { url = "https://files.pythonhosted.org/packages/7e/f5/f66802a942d491edb555dd61e3a9961140fd64c90bce1eafd741609d334d/httpcore-1.0.9-py3-none-any.whl", hash = "sha256:2d400746a40668fc9dec9810239072b40b4484b640a8c38fd654a024c7a1bf55", size = 78784, upload-time = "2025-04-24T22:06:20.566Z" },
]

[[package]]
name = "httpx"
version = "0.28.1"
source = { registry = "https://pypi.org/simple" }
dependencies = [
    { name = "anyio" },
    { name = "certifi" },
    { name = "httpcore" },
    { name = "idna" },
]
sdist = { url = "https://files.pythonhosted.org/packages/b1/df/48c586a5fe32a0f01324ee087459e112ebb7224f646c0b5023f5e79e9956/httpx-0.28.1.tar.gz", hash = "sha256:75e98c5f16b0f35b567856f597f06ff2270a374470a5c2392242528e3e3e42fc", size = 141406, upload-time = "2024-12-06T15:37:23.222Z" }
wheels = [
    { url = "https://files.pythonhosted.org/packages/2a/39/e50c7c3a983047577ee07d2a9e53faf5a69493943ec3f6a384bdc792deb2/httpx-0.28.1-py3-none-any.whl", hash = "sha256:d909fcccc110f8c7faf814ca82a9a4d816bc5a6dbfea25d6591d6985b8ba59ad", size = 73517, upload-time = "2024-12-06T15:37:21.509Z" },
]

[[package]]
name = "idna"
version = "3.13"
source = { registry = "https://pypi.org/simple" }
sdist = { url = "https://files.pythonhosted.org/packages/ce/cc/762dfb036166873f0059f3b7de4565e1b5bc3d6f28a414c13da27e442f99/idna-3.13.tar.gz", hash = "sha256:585ea8fe5d69b9181ec1afba340451fba6ba764af97026f92a91d4eef164a242", size = 194210, upload-time = "2026-04-22T16:42:42.314Z" }
wheels = [
    { url = "https://files.pythonhosted.org/packages/5d/13/ad7d7ca3808a898b4612b6fe93cde56b53f3034dcde235acb1f0e1df24c6/idna-3.13-py3-none-any.whl", hash = "sha256:892ea0cde124a99ce773decba204c5552b69c3c67ffd5f232eb7696135bc8bb3", size = 68629, upload-time = "2026-04-22T16:42:40.909Z" },
]

[[package]]
name = "typing-extensions"
version = "4.15.0"
source = { registry = "https://pypi.org/simple" }
sdist = { url = "https://files.pythonhosted.org/packages/72/94/1a15dd82efb362ac84269196e94cf00f187f7ed21c242792a923cdb1c61f/typing_extensions-4.15.0.tar.gz", hash = "sha256:0cea48d173cc12fa28ecabc3b837ea3cf6f38c6d1136f85cbaaf598984861466", size = 109391, upload-time = "2025-08-25T13:49:26.313Z" }
wheels = [
    { url = "https://files.pythonhosted.org/packages/18/67/36e9267722cc04a6b9f15c7f3441c2363321a3ea07da7ae0c0707beb2a9c/typing_extensions-4.15.0-py3-none-any.whl", hash = "sha256:f0fa19c6845758ab08074a0cfa8b7aecb71c999ca73d62883bc25cc018c4e548", size = 44614, upload-time = "2025-08-25T13:49:24.86Z" },
]
